
Microsoft Visual Studio Solution File, Format Version 12.00
# Visual Studio 15
VisualStudioVersion = 15.0.28307.757
MinimumVisualStudioVersion = 10.0.40219.1
Project("{FAE04EC0-301F-11D3-BF4B-00C04F79EFBC}") = "COMP123-Data", "COMP123-Data\COMP123-Data.csproj", "{FDB0B4FB-C5A1-4D86-9FD8-5C8B1DC88814}"
EndProject
Global
	GlobalSection(SolutionConfigurationPlatforms) = preSolution
		Debug|Any CPU = Debug|Any CPU
		Release|Any CPU = Release|Any CPU
	EndGlobalSection
	GlobalSection(ProjectConfigurationPlatforms) = postSolution
		{FDB0B4FB-C5A1-4D86-9FD8-5C8B1DC88814}.Debug|Any CPU.ActiveCfg = Debug|Any CPU
		{FDB0B4FB-C5A1-4D86-9FD8-5C8B1DC88814}.Debug|Any CPU.Build.0 = Debug|Any CPU
		{FDB0B4FB-C5A1-4D86-9FD8-5C8B1DC88814}.Release|Any CPU.ActiveCfg = Release|Any CPU
		{FDB0B4FB-C5A1-4D86-9FD8-5C8B1DC88814}.Release|Any CPU.Build.0 = Release|Any CPU
	EndGlobalSection
	GlobalSection(SolutionProperties) = preSolution
		HideSolutionNode = FALSE
	EndGlobalSection
	GlobalSection(ExtensibilityGlobals) = postSolution
		SolutionGuid = {98E60471-3980-4303-BF46-DAF35D1EBF3B}
	EndGlobalSection
EndGlobal
